
Microsoft Visual Studio Solution File, Format Version 12.00
# Visual Studio 15
VisualStudioVersion = 15.0.28307.168
MinimumVisualStudioVersion = 10.0.40219.1
Project("{FAE04EC0-301F-11D3-BF4B-00C04F79EFBC}") = "TodoList", "TodoList\TodoList.csproj", "{5C4C2D28-738F-4DD5-B34D-F92E26A77B7A}"
EndProject
Global
	GlobalSection(SolutionConfigurationPlatforms) = preSolution
		Debug|Any CPU = Debug|Any CPU
		Release|Any CPU = Release|Any CPU
	EndGlobalSection
	GlobalSection(ProjectConfigurationPlatforms) = postSolution
		{5C4C2D28-738F-4DD5-B34D-F92E26A77B7A}.Debug|Any CPU.ActiveCfg = Debug|Any CPU
		{5C4C2D28-738F-4DD5-B34D-F92E26A77B7A}.Debug|Any CPU.Build.0 = Debug|Any CPU
		{5C4C2D28-738F-4DD5-B34D-F92E26A77B7A}.Release|Any CPU.ActiveCfg = Release|Any CPU
		{5C4C2D28-738F-4DD5-B34D-F92E26A77B7A}.Release|Any CPU.Build.0 = Release|Any CPU
	EndGlobalSection
	GlobalSection(SolutionProperties) = preSolution
		HideSolutionNode = FALSE
	EndGlobalSection
	GlobalSection(ExtensibilityGlobals) = postSolution
		SolutionGuid = {F7742768-4DD2-409F-948B-02936CA6DD74}
	EndGlobalSection
EndGlobal
